// !$*UTF8*$!
{
	archiveVersion = 1;
	classes = {
	};
	objectVersion = 51;
	objects = {

/* Begin PBXBuildFile section */
		254D3562E83DB0C22F4B0402 /* Pods_XKCDUITests.framework in Frameworks */ = {isa = PBXBuildFile; fileRef = F39E42839A139437202652CA /* Pods_XKCDUITests.framework */; };
		5299A715B7B8FC0439DB82BB /* Pods_XKCD.framework in Frameworks */ = {isa = PBXBuildFile; fileRef = 287FEBCE4C35C7DE2904C7BE /* Pods_XKCD.framework */; };
		B2D0876421AD47BC00189C97 /* AppDelegate.swift in Sources */ = {isa = PBXBuildFile; fileRef = B2D0876321AD47BC00189C97 /* AppDelegate.swift */; };
		B2D0876621AD47BC00189C97 /* ComicViewController.swift in Sources */ = {isa = PBXBuildFile; fileRef = B2D0876521AD47BC00189C97 /* ComicViewController.swift */; };
		B2D0876921AD47BC00189C97 /* Main.storyboard in Resources */ = {isa = PBXBuildFile; fileRef = B2D0876721AD47BC00189C97 /* Main.storyboard */; };
		B2D0876B21AD47BF00189C97 /* Assets.xcassets in Resources */ = {isa = PBXBuildFile; fileRef = B2D0876A21AD47BF00189C97 /* Assets.xcassets */; };
		B2D0876E21AD47BF00189C97 /* LaunchScreen.storyboard in Resources */ = {isa = PBXBuildFile; fileRef = B2D0876C21AD47BF00189C97 /* LaunchScreen.storyboard */; };
		B2D0877921AD47BF00189C97 /* XKCDTests.swift in Sources */ = {isa = PBXBuildFile; fileRef = B2D0877821AD47BF00189C97 /* XKCDTests.swift */; };
		B2D0878421AD47BF00189C97 /* XKCDUITests.swift in Sources */ = {isa = PBXBuildFile; fileRef = B2D0878321AD47BF00189C97 /* XKCDUITests.swift */; };
		B2D0879221AD51B100189C97 /* ComicViewModel.swift in Sources */ = {isa = PBXBuildFile; fileRef = B2D0879121AD51B100189C97 /* ComicViewModel.swift */; };
		B2D0879421AE449000189C97 /* Comic.swift in Sources */ = {isa = PBXBuildFile; fileRef = B2D0879321AE448F00189C97 /* Comic.swift */; };
		DBFD3D0BCABF01959F370B3C /* Pods_XKCDTests.framework in Frameworks */ = {isa = PBXBuildFile; fileRef = 7EA608367185DFC149573AB6 /* Pods_XKCDTests.framework */; };
/* End PBXBuildFile section */

/* Begin PBXContainerItemProxy section */
		B2D0877521AD47BF00189C97 /* PBXContainerItemProxy */ = {
			isa = PBXContainerItemProxy;
			containerPortal = B2D0875821AD47BC00189C97 /* Project object */;
			proxyType = 1;
			remoteGlobalIDString = B2D0875F21AD47BC00189C97;
			remoteInfo = XKCD;
		};
		B2D0878021AD47BF00189C97 /* PBXContainerItemProxy */ = {
			isa = PBXContainerItemProxy;
			containerPortal = B2D0875821AD47BC00189C97 /* Project object */;
			proxyType = 1;
			remoteGlobalIDString = B2D0875F21AD47BC00189C97;
			remoteInfo = XKCD;
		};
/* End PBXContainerItemProxy section */

/* Begin PBXFileReference section */
		1E2E8FDE6CB0D79500A79272 /* Pods-XKCD.release.xcconfig */ = {isa = PBXFileReference; includeInIndex = 1; lastKnownFileType = text.xcconfig; name = "Pods-XKCD.release.xcconfig"; path = "Target Support Files/Pods-XKCD/Pods-XKCD.release.xcconfig"; sourceTree = "<group>"; };
		287FEBCE4C35C7DE2904C7BE /* Pods_XKCD.framework */ = {isa = PBXFileReference; explicitFileType = wrapper.framework; includeInIndex = 0; path = Pods_XKCD.framework; sourceTree = BUILT_PRODUCTS_DIR; };
		28E8C282696E106D7CBF3C3B /* Pods-XKCDTests.debug.xcconfig */ = {isa = PBXFileReference; includeInIndex = 1; lastKnownFileType = text.xcconfig; name = "Pods-XKCDTests.debug.xcconfig"; path = "Target Support Files/Pods-XKCDTests/Pods-XKCDTests.debug.xcconfig"; sourceTree = "<group>"; };
		7EA608367185DFC149573AB6 /* Pods_XKCDTests.framework */ = {isa = PBXFileReference; explicitFileType = wrapper.framework; includeInIndex = 0; path = Pods_XKCDTests.framework; sourceTree = BUILT_PRODUCTS_DIR; };
		8A23C6C6D263EFFB467D3FE5 /* Pods-XKCDUITests.debug.xcconfig */ = {isa = PBXFileReference; includeInIndex = 1; lastKnownFileType = text.xcconfig; name = "Pods-XKCDUITests.debug.xcconfig"; path = "Target Support Files/Pods-XKCDUITests/Pods-XKCDUITests.debug.xcconfig"; sourceTree = "<group>"; };
		8EAE8A8F6657D22B3FD62338 /* Pods-XKCDTests.release.xcconfig */ = {isa = PBXFileReference; includeInIndex = 1; lastKnownFileType = text.xcconfig; name = "Pods-XKCDTests.release.xcconfig"; path = "Target Support Files/Pods-XKCDTests/Pods-XKCDTests.release.xcconfig"; sourceTree = "<group>"; };
		96D867D5E42BEA7D057F16B9 /* Pods-XKCD.debug.xcconfig */ = {isa = PBXFileReference; includeInIndex = 1; lastKnownFileType = text.xcconfig; name = "Pods-XKCD.debug.xcconfig"; path = "Target Support Files/Pods-XKCD/Pods-XKCD.debug.xcconfig"; sourceTree = "<group>"; };
		AD599149168B718290739EB1 /* Pods-XKCDUITests.release.xcconfig */ = {isa = PBXFileReference; includeInIndex = 1; lastKnownFileType = text.xcconfig; name = "Pods-XKCDUITests.release.xcconfig"; path = "Target Support Files/Pods-XKCDUITests/Pods-XKCDUITests.release.xcconfig"; sourceTree = "<group>"; };
		B2D0876021AD47BC00189C97 /* XKCD.app */ = {isa = PBXFileReference; explicitFileType = wrapper.application; includeInIndex = 0; path = XKCD.app; sourceTree = BUILT_PRODUCTS_DIR; };
		B2D0876321AD47BC00189C97 /* AppDelegate.swift */ = {isa = PBXFileReference; lastKnownFileType = sourcecode.swift; path = AppDelegate.swift; sourceTree = "<group>"; };
		B2D0876521AD47BC00189C97 /* ComicViewController.swift */ = {isa = PBXFileReference; lastKnownFileType = sourcecode.swift; path = ComicViewController.swift; sourceTree = "<group>"; };
		B2D0876821AD47BC00189C97 /* Base */ = {isa = PBXFileReference; lastKnownFileType = file.storyboard; name = Base; path = Base.lproj/Main.storyboard; sourceTree = "<group>"; };
		B2D0876A21AD47BF00189C97 /* Assets.xcassets */ = {isa = PBXFileReference; lastKnownFileType = folder.assetcatalog; path = Assets.xcassets; sourceTree = "<group>"; };
		B2D0876D21AD47BF00189C97 /* Base */ = {isa = PBXFileReference; lastKnownFileType = file.storyboard; name = Base; path = Base.lproj/LaunchScreen.storyboard; sourceTree = "<group>"; };
		B2D0876F21AD47BF00189C97 /* Info.plist */ = {isa = PBXFileReference; lastKnownFileType = text.plist.xml; path = Info.plist; sourceTree = "<group>"; };
		B2D0877421AD47BF00189C97 /* XKCDTests.xctest */ = {isa = PBXFileReference; explicitFileType = wrapper.cfbundle; includeInIndex = 0; path = XKCDTests.xctest; sourceTree = BUILT_PRODUCTS_DIR; };
		B2D0877821AD47BF00189C97 /* XKCDTests.swift */ = {isa = PBXFileReference; lastKnownFileType = sourcecode.swift; path = XKCDTests.swift; sourceTree = "<group>"; };
		B2D0877A21AD47BF00189C97 /* Info.plist */ = {isa = PBXFileReference; lastKnownFileType = text.plist.xml; path = Info.plist; sourceTree = "<group>"; };
		B2D0877F21AD47BF00189C97 /* XKCDUITests.xctest */ = {isa = PBXFileReference; explicitFileType = wrapper.cfbundle; includeInIndex = 0; path = XKCDUITests.xctest; sourceTree = BUILT_PRODUCTS_DIR; };
		B2D0878321AD47BF00189C97 /* XKCDUITests.swift */ = {isa = PBXFileReference; lastKnownFileType = sourcecode.swift; path = XKCDUITests.swift; sourceTree = "<group>"; };
		B2D0878521AD47BF00189C97 /* Info.plist */ = {isa = PBXFileReference; lastKnownFileType = text.plist.xml; path = Info.plist; sourceTree = "<group>"; };
		B2D0879121AD51B100189C97 /* ComicViewModel.swift */ = {isa = PBXFileReference; lastKnownFileType = sourcecode.swift; path = ComicViewModel.swift; sourceTree = "<group>"; };
		B2D0879321AE448F00189C97 /* Comic.swift */ = {isa = PBXFileReference; lastKnownFileType = sourcecode.swift; path = Comic.swift; sourceTree = "<group>"; };
		F39E42839A139437202652CA /* Pods_XKCDUITests.framework */ = {isa = PBXFileReference; explicitFileType = wrapper.framework; includeInIndex = 0; path = Pods_XKCDUITests.framework; sourceTree = BUILT_PRODUCTS_DIR; };
/* End PBXFileReference section */

/* Begin PBXFrameworksBuildPhase section */
		B2D0875D21AD47BC00189C97 /* Frameworks */ = {
			isa = PBXFrameworksBuildPhase;
			buildActionMask = 2147483647;
			files = (
				5299A715B7B8FC0439DB82BB /* Pods_XKCD.framework in Frameworks */,
			);
			runOnlyForDeploymentPostprocessing = 0;
		};
		B2D0877121AD47BF00189C97 /* Frameworks */ = {
			isa = PBXFrameworksBuildPhase;
			buildActionMask = 2147483647;
			files = (
				DBFD3D0BCABF01959F370B3C /* Pods_XKCDTests.framework in Frameworks */,
			);
			runOnlyForDeploymentPostprocessing = 0;
		};
		B2D0877C21AD47BF00189C97 /* Frameworks */ = {
			isa = PBXFrameworksBuildPhase;
			buildActionMask = 2147483647;
			files = (
				254D3562E83DB0C22F4B0402 /* Pods_XKCDUITests.framework in Frameworks */,
			);
			runOnlyForDeploymentPostprocessing = 0;
		};
/* End PBXFrameworksBuildPhase section */

/* Begin PBXGroup section */
		B2D0875721AD47BC00189C97 = {
			isa = PBXGroup;
			children = (
				B2D0876221AD47BC00189C97 /* XKCD */,
				B2D0877721AD47BF00189C97 /* XKCDTests */,
				B2D0878221AD47BF00189C97 /* XKCDUITests */,
				B2D0876121AD47BC00189C97 /* Products */,
				D2D22854127E67259E2505C5 /* Pods */,
				E6476D5159D9E97AA4AB897D /* Frameworks */,
			);
			sourceTree = "<group>";
		};
		B2D0876121AD47BC00189C97 /* Products */ = {
			isa = PBXGroup;
			children = (
				B2D0876021AD47BC00189C97 /* XKCD.app */,
				B2D0877421AD47BF00189C97 /* XKCDTests.xctest */,
				B2D0877F21AD47BF00189C97 /* XKCDUITests.xctest */,
			);
			name = Products;
			sourceTree = "<group>";
		};
		B2D0876221AD47BC00189C97 /* XKCD */ = {
			isa = PBXGroup;
			children = (
				B2D0876321AD47BC00189C97 /* AppDelegate.swift */,
				B2D0876521AD47BC00189C97 /* ComicViewController.swift */,
				B2D0879321AE448F00189C97 /* Comic.swift */,
				B2D0879121AD51B100189C97 /* ComicViewModel.swift */,
				B2D0876721AD47BC00189C97 /* Main.storyboard */,
				B2D0876A21AD47BF00189C97 /* Assets.xcassets */,
				B2D0876C21AD47BF00189C97 /* LaunchScreen.storyboard */,
				B2D0876F21AD47BF00189C97 /* Info.plist */,
			);
			path = XKCD;
			sourceTree = "<group>";
		};
		B2D0877721AD47BF00189C97 /* XKCDTests */ = {
			isa = PBXGroup;
			children = (
				B2D0877821AD47BF00189C97 /* XKCDTests.swift */,
				B2D0877A21AD47BF00189C97 /* Info.plist */,
			);
			path = XKCDTests;
			sourceTree = "<group>";
		};
		B2D0878221AD47BF00189C97 /* XKCDUITests */ = {
			isa = PBXGroup;
			children = (
				B2D0878321AD47BF00189C97 /* XKCDUITests.swift */,
				B2D0878521AD47BF00189C97 /* Info.plist */,
			);
			path = XKCDUITests;
			sourceTree = "<group>";
		};
		D2D22854127E67259E2505C5 /* Pods */ = {
			isa = PBXGroup;
			children = (
				96D867D5E42BEA7D057F16B9 /* Pods-XKCD.debug.xcconfig */,
				1E2E8FDE6CB0D79500A79272 /* Pods-XKCD.release.xcconfig */,
				28E8C282696E106D7CBF3C3B /* Pods-XKCDTests.debug.xcconfig */,
				8EAE8A8F6657D22B3FD62338 /* Pods-XKCDTests.release.xcconfig */,
				8A23C6C6D263EFFB467D3FE5 /* Pods-XKCDUITests.debug.xcconfig */,
				AD599149168B718290739EB1 /* Pods-XKCDUITests.release.xcconfig */,
			);
			path = Pods;
			sourceTree = "<group>";
		};
		E6476D5159D9E97AA4AB897D /* Frameworks */ = {
			isa = PBXGroup;
			children = (
				287FEBCE4C35C7DE2904C7BE /* Pods_XKCD.framework */,
				7EA608367185DFC149573AB6 /* Pods_XKCDTests.framework */,
				F39E42839A139437202652CA /* Pods_XKCDUITests.framework */,
			);
			name = Frameworks;
			sourceTree = "<group>";
		};
/* End PBXGroup section */

/* Begin PBXNativeTarget section */
		B2D0875F21AD47BC00189C97 /* XKCD */ = {
			isa = PBXNativeTarget;
			buildConfigurationList = B2D0878821AD47BF00189C97 /* Build configuration list for PBXNativeTarget "XKCD" */;
			buildPhases = (
				72196B346A46DA88F457F40A /* [CP] Check Pods Manifest.lock */,
				B2D0875C21AD47BC00189C97 /* Sources */,
				B2D0875D21AD47BC00189C97 /* Frameworks */,
				B2D0875E21AD47BC00189C97 /* Resources */,
				973B40B3C15667F86F870E22 /* [CP] Embed Pods Frameworks */,
			);
			buildRules = (
			);
			dependencies = (
			);
			name = XKCD;
			productName = XKCD;
			productReference = B2D0876021AD47BC00189C97 /* XKCD.app */;
			productType = "com.apple.product-type.application";
		};
		B2D0877321AD47BF00189C97 /* XKCDTests */ = {
			isa = PBXNativeTarget;
			buildConfigurationList = B2D0878B21AD47BF00189C97 /* Build configuration list for PBXNativeTarget "XKCDTests" */;
			buildPhases = (
				9AE0966B7B20BF203B6932CA /* [CP] Check Pods Manifest.lock */,
				B2D0877021AD47BF00189C97 /* Sources */,
				B2D0877121AD47BF00189C97 /* Frameworks */,
				B2D0877221AD47BF00189C97 /* Resources */,
				C591499953B376DFE14B6450 /* [CP] Embed Pods Frameworks */,
			);
			buildRules = (
			);
			dependencies = (
				B2D0877621AD47BF00189C97 /* PBXTargetDependency */,
			);
			name = XKCDTests;
			productName = XKCDTests;
			productReference = B2D0877421AD47BF00189C97 /* XKCDTests.xctest */;
			productType = "com.apple.product-type.bundle.unit-test";
		};
		B2D0877E21AD47BF00189C97 /* XKCDUITests */ = {
			isa = PBXNativeTarget;
			buildConfigurationList = B2D0878E21AD47BF00189C97 /* Build configuration list for PBXNativeTarget "XKCDUITests" */;
			buildPhases = (
				79440954B1A591A5EF6FC2BC /* [CP] Check Pods Manifest.lock */,
				B2D0877B21AD47BF00189C97 /* Sources */,
				B2D0877C21AD47BF00189C97 /* Frameworks */,
				B2D0877D21AD47BF00189C97 /* Resources */,
				F88839610EC98AD57EE3CCFE /* [CP] Embed Pods Frameworks */,
			);
			buildRules = (
			);
			dependencies = (
				B2D0878121AD47BF00189C97 /* PBXTargetDependency */,
			);
			name = XKCDUITests;
			productName = XKCDUITests;
			productReference = B2D0877F21AD47BF00189C97 /* XKCDUITests.xctest */;
			productType = "com.apple.product-type.bundle.ui-testing";
		};
/* End PBXNativeTarget section */

/* Begin PBXProject section */
		B2D0875821AD47BC00189C97 /* Project object */ = {
			isa = PBXProject;
			attributes = {
				LastSwiftUpdateCheck = 1010;
				LastUpgradeCheck = 1010;
				ORGANIZATIONNAME = "佐藤賢";
				TargetAttributes = {
					B2D0875F21AD47BC00189C97 = {
						CreatedOnToolsVersion = 10.1;
					};
					B2D0877321AD47BF00189C97 = {
						CreatedOnToolsVersion = 10.1;
						TestTargetID = B2D0875F21AD47BC00189C97;
					};
					B2D0877E21AD47BF00189C97 = {
						CreatedOnToolsVersion = 10.1;
						TestTargetID = B2D0875F21AD47BC00189C97;
					};
				};
			};
			buildConfigurationList = B2D0875B21AD47BC00189C97 /* Build configuration list for PBXProject "XKCD" */;
			compatibilityVersion = "Xcode 10.0";
			developmentRegion = en;
			hasScannedForEncodings = 0;
			knownRegions = (
				en,
				Base,
			);
			mainGroup = B2D0875721AD47BC00189C97;
			productRefGroup = B2D0876121AD47BC00189C97 /* Products */;
			projectDirPath = "";
			projectRoot = "";
			targets = (
				B2D0875F21AD47BC00189C97 /* XKCD */,
				B2D0877321AD47BF00189C97 /* XKCDTests */,
				B2D0877E21AD47BF00189C97 /* XKCDUITests */,
			);
		};
/* End PBXProject section */

/* Begin PBXResourcesBuildPhase section */
		B2D0875E21AD47BC00189C97 /* Resources */ = {
			isa = PBXResourcesBuildPhase;
			buildActionMask = 2147483647;
			files = (
				B2D0876E21AD47BF00189C97 /* LaunchScreen.storyboard in Resources */,
				B2D0876B21AD47BF00189C97 /* Assets.xcassets in Resources */,
				B2D0876921AD47BC00189C97 /* Main.storyboard in Resources */,
			);
			runOnlyForDeploymentPostprocessing = 0;
		};
		B2D0877221AD47BF00189C97 /* Resources */ = {
			isa = PBXResourcesBuildPhase;
			buildActionMask = 2147483647;
			files = (
			);
			runOnlyForDeploymentPostprocessing = 0;
		};
		B2D0877D21AD47BF00189C97 /* Resources */ = {
			isa = PBXResourcesBuildPhase;
			buildActionMask = 2147483647;
			files = (
			);
			runOnlyForDeploymentPostprocessing = 0;
		};
/* End PBXResourcesBuildPhase section */

/* Begin PBXShellScriptBuildPhase section */
		72196B346A46DA88F457F40A /* [CP] Check Pods Manifest.lock */ = {
			isa = PBXShellScriptBuildPhase;
			buildActionMask = 2147483647;
			files = (
			);
			inputFileListPaths = (
			);
			inputPaths = (
				"${PODS_PODFILE_DIR_PATH}/Podfile.lock",
				"${PODS_ROOT}/Manifest.lock",
			);
			name = "[CP] Check Pods Manifest.lock";
			outputFileListPaths = (
			);
			outputPaths = (
				"$(DERIVED_FILE_DIR)/Pods-XKCD-checkManifestLockResult.txt",
			);
			runOnlyForDeploymentPostprocessing = 0;
			shellPath = /bin/sh;
			shellScript = "diff \"${PODS_PODFILE_DIR_PATH}/Podfile.lock\" \"${PODS_ROOT}/Manifest.lock\" > /dev/null\nif [ $? != 0 ] ; then\n    # print error to STDERR\n    echo \"error: The sandbox is not in sync with the Podfile.lock. Run 'pod install' or update your CocoaPods installation.\" >&2\n    exit 1\nfi\n# This output is used by Xcode 'outputs' to avoid re-running this script phase.\necho \"SUCCESS\" > \"${SCRIPT_OUTPUT_FILE_0}\"\n";
			showEnvVarsInLog = 0;
		};
		79440954B1A591A5EF6FC2BC /* [CP] Check Pods Manifest.lock */ = {
			isa = PBXShellScriptBuildPhase;
			buildActionMask = 2147483647;
			files = (
			);
			inputFileListPaths = (
			);
			inputPaths = (
				"${PODS_PODFILE_DIR_PATH}/Podfile.lock",
				"${PODS_ROOT}/Manifest.lock",
			);
			name = "[CP] Check Pods Manifest.lock";
			outputFileListPaths = (
			);
			outputPaths = (
				"$(DERIVED_FILE_DIR)/Pods-XKCDUITests-checkManifestLockResult.txt",
			);
			runOnlyForDeploymentPostprocessing = 0;
			shellPath = /bin/sh;
			shellScript = "diff \"${PODS_PODFILE_DIR_PATH}/Podfile.lock\" \"${PODS_ROOT}/Manifest.lock\" > /dev/null\nif [ $? != 0 ] ; then\n    # print error to STDERR\n    echo \"error: The sandbox is not in sync with the Podfile.lock. Run 'pod install' or update your CocoaPods installation.\" >&2\n    exit 1\nfi\n# This output is used by Xcode 'outputs' to avoid re-running this script phase.\necho \"SUCCESS\" > \"${SCRIPT_OUTPUT_FILE_0}\"\n";
			showEnvVarsInLog = 0;
		};
		973B40B3C15667F86F870E22 /* [CP] Embed Pods Frameworks */ = {
			isa = PBXShellScriptBuildPhase;
			buildActionMask = 2147483647;
			files = (
			);
			inputFileListPaths = (
			);
			inputPaths = (
				"${PODS_ROOT}/Target Support Files/Pods-XKCD/Pods-XKCD-frameworks.sh",
				"${BUILT_PRODUCTS_DIR}/Alamofire/Alamofire.framework",
				"${BUILT_PRODUCTS_DIR}/Kingfisher/Kingfisher.framework",
				"${BUILT_PRODUCTS_DIR}/RxAlamofire/RxAlamofire.framework",
				"${BUILT_PRODUCTS_DIR}/RxAtomic/RxAtomic.framework",
				"${BUILT_PRODUCTS_DIR}/RxCocoa/RxCocoa.framework",
				"${BUILT_PRODUCTS_DIR}/RxSwift/RxSwift.framework",
			);
			name = "[CP] Embed Pods Frameworks";
			outputFileListPaths = (
			);
			outputPaths = (
				"${TARGET_BUILD_DIR}/${FRAMEWORKS_FOLDER_PATH}/Alamofire.framework",
				"${TARGET_BUILD_DIR}/${FRAMEWORKS_FOLDER_PATH}/Kingfisher.framework",
				"${TARGET_BUILD_DIR}/${FRAMEWORKS_FOLDER_PATH}/RxAlamofire.framework",
				"${TARGET_BUILD_DIR}/${FRAMEWORKS_FOLDER_PATH}/RxAtomic.framework",
				"${TARGET_BUILD_DIR}/${FRAMEWORKS_FOLDER_PATH}/RxCocoa.framework",
				"${TARGET_BUILD_DIR}/${FRAMEWORKS_FOLDER_PATH}/RxSwift.framework",
			);
			runOnlyForDeploymentPostprocessing = 0;
			shellPath = /bin/sh;
			shellScript = "\"${PODS_ROOT}/Target Support Files/Pods-XKCD/Pods-XKCD-frameworks.sh\"\n";
			showEnvVarsInLog = 0;
		};
		9AE0966B7B20BF203B6932CA /* [CP] Check Pods Manifest.lock */ = {
			isa = PBXShellScriptBuildPhase;
			buildActionMask = 2147483647;
			files = (
			);
			inputFileListPaths = (
			);
			inputPaths = (
				"${PODS_PODFILE_DIR_PATH}/Podfile.lock",
				"${PODS_ROOT}/Manifest.lock",
			);
			name = "[CP] Check Pods Manifest.lock";
			outputFileListPaths = (
			);
			outputPaths = (
				"$(DERIVED_FILE_DIR)/Pods-XKCDTests-checkManifestLockResult.txt",
			);
			runOnlyForDeploymentPostprocessing = 0;
			shellPath = /bin/sh;
			shellScript = "diff \"${PODS_PODFILE_DIR_PATH}/Podfile.lock\" \"${PODS_ROOT}/Manifest.lock\" > /dev/null\nif [ $? != 0 ] ; then\n    # print error to STDERR\n    echo \"error: The sandbox is not in sync with the Podfile.lock. Run 'pod install' or update your CocoaPods installation.\" >&2\n    exit 1\nfi\n# This output is used by Xcode 'outputs' to avoid re-running this script phase.\necho \"SUCCESS\" > \"${SCRIPT_OUTPUT_FILE_0}\"\n";
			showEnvVarsInLog = 0;
		};
		C591499953B376DFE14B6450 /* [CP] Embed Pods Frameworks */ = {
			isa = PBXShellScriptBuildPhase;
			buildActionMask = 2147483647;
			files = (
			);
			inputFileListPaths = (
			);
			inputPaths = (
				"${PODS_ROOT}/Target Support Files/Pods-XKCDTests/Pods-XKCDTests-frameworks.sh",
				"${BUILT_PRODUCTS_DIR}/RxAtomic/RxAtomic.framework",
				"${BUILT_PRODUCTS_DIR}/RxSwift/RxSwift.framework",
				"${BUILT_PRODUCTS_DIR}/RxBlocking/RxBlocking.framework",
				"${BUILT_PRODUCTS_DIR}/RxTest/RxTest.framework",
			);
			name = "[CP] Embed Pods Frameworks";
			outputFileListPaths = (
			);
			outputPaths = (
				"${TARGET_BUILD_DIR}/${FRAMEWORKS_FOLDER_PATH}/RxAtomic.framework",
				"${TARGET_BUILD_DIR}/${FRAMEWORKS_FOLDER_PATH}/RxSwift.framework",
				"${TARGET_BUILD_DIR}/${FRAMEWORKS_FOLDER_PATH}/RxBlocking.framework",
				"${TARGET_BUILD_DIR}/${FRAMEWORKS_FOLDER_PATH}/RxTest.framework",
			);
			runOnlyForDeploymentPostprocessing = 0;
			shellPath = /bin/sh;
			shellScript = "\"${PODS_ROOT}/Target Support Files/Pods-XKCDTests/Pods-XKCDTests-frameworks.sh\"\n";
			showEnvVarsInLog = 0;
		};
		F88839610EC98AD57EE3CCFE /* [CP] Embed Pods Frameworks */ = {
			isa = PBXShellScriptBuildPhase;
			buildActionMask = 2147483647;
			files = (
			);
			inputFileListPaths = (
			);
			inputPaths = (
				"${PODS_ROOT}/Target Support Files/Pods-XKCDUITests/Pods-XKCDUITests-frameworks.sh",
				"${BUILT_PRODUCTS_DIR}/RxAtomic/RxAtomic.framework",
				"${BUILT_PRODUCTS_DIR}/RxSwift/RxSwift.framework",
				"${BUILT_PRODUCTS_DIR}/RxBlocking/RxBlocking.framework",
				"${BUILT_PRODUCTS_DIR}/RxTest/RxTest.framework",
			);
			name = "[CP] Embed Pods Frameworks";
			outputFileListPaths = (
			);
			outputPaths = (
				"${TARGET_BUILD_DIR}/${FRAMEWORKS_FOLDER_PATH}/RxAtomic.framework",
				"${TARGET_BUILD_DIR}/${FRAMEWORKS_FOLDER_PATH}/RxSwift.framework",
				"${TARGET_BUILD_DIR}/${FRAMEWORKS_FOLDER_PATH}/RxBlocking.framework",
				"${TARGET_BUILD_DIR}/${FRAMEWORKS_FOLDER_PATH}/RxTest.framework",
			);
			runOnlyForDeploymentPostprocessing = 0;
			shellPath = /bin/sh;
			shellScript = "\"${PODS_ROOT}/Target Support Files/Pods-XKCDUITests/Pods-XKCDUITests-frameworks.sh\"\n";
			showEnvVarsInLog = 0;
		};
/* End PBXShellScriptBuildPhase section */

/* Begin PBXSourcesBuildPhase section */
		B2D0875C21AD47BC00189C97 /* Sources */ = {
			isa = PBXSourcesBuildPhase;
			buildActionMask = 2147483647;
			files = (
				B2D0879221AD51B100189C97 /* ComicViewModel.swift in Sources */,
				B2D0879421AE449000189C97 /* Comic.swift in Sources */,
				B2D0876621AD47BC00189C97 /* ComicViewController.swift in Sources */,
				B2D0876421AD47BC00189C97 /* AppDelegate.swift in Sources */,
			);
			runOnlyForDeploymentPostprocessing = 0;
		};
		B2D0877021AD47BF00189C97 /* Sources */ = {
			isa = PBXSourcesBuildPhase;
			buildActionMask = 2147483647;
			files = (
				B2D0877921AD47BF00189C97 /* XKCDTests.swift in Sources */,
			);
			runOnlyForDeploymentPostprocessing = 0;
		};
		B2D0877B21AD47BF00189C97 /* Sources */ = {
			isa = PBXSourcesBuildPhase;
			buildActionMask = 2147483647;
			files = (
				B2D0878421AD47BF00189C97 /* XKCDUITests.swift in Sources */,
			);
			runOnlyForDeploymentPostprocessing = 0;
		};
/* End PBXSourcesBuildPhase section */

/* Begin PBXTargetDependency section */
		B2D0877621AD47BF00189C97 /* PBXTargetDependency */ = {
			isa = PBXTargetDependency;
			target = B2D0875F21AD47BC00189C97 /* XKCD */;
			targetProxy = B2D0877521AD47BF00189C97 /* PBXContainerItemProxy */;
		};
		B2D0878121AD47BF00189C97 /* PBXTargetDependency */ = {
			isa = PBXTargetDependency;
			target = B2D0875F21AD47BC00189C97 /* XKCD */;
			targetProxy = B2D0878021AD47BF00189C97 /* PBXContainerItemProxy */;
		};
/* End PBXTargetDependency section */

/* Begin PBXVariantGroup section */
		B2D0876721AD47BC00189C97 /* Main.storyboard */ = {
			isa = PBXVariantGroup;
			children = (
				B2D0876821AD47BC00189C97 /* Base */,
			);
			name = Main.storyboard;
			sourceTree = "<group>";
		};
		B2D0876C21AD47BF00189C97 /* LaunchScreen.storyboard */ = {
			isa = PBXVariantGroup;
			children = (
				B2D0876D21AD47BF00189C97 /* Base */,
			);
			name = LaunchScreen.storyboard;
			sourceTree = "<group>";
		};
/* End PBXVariantGroup section */

/* Begin XCBuildConfiguration section */
		B2D0878621AD47BF00189C97 /* Debug */ = {
			isa = XCBuildConfiguration;
			buildSettings = {
				ALWAYS_SEARCH_USER_PATHS = NO;
				CLANG_ANALYZER_NONNULL = YES;
				CLANG_ANALYZER_NUMBER_OBJECT_CONVERSION = YES_AGGRESSIVE;
				CLANG_CXX_LANGUAGE_STANDARD = "gnu++14";
				CLANG_CXX_LIBRARY = "libc++";
				CLANG_ENABLE_MODULES = YES;
				CLANG_ENABLE_OBJC_ARC = YES;
				CLANG_ENABLE_OBJC_WEAK = YES;
				CLANG_WARN_BLOCK_CAPTURE_AUTORELEASING = YES;
				CLANG_WARN_BOOL_CONVERSION = YES;
				CLANG_WARN_COMMA = YES;
				CLANG_WARN_CONSTANT_CONVERSION = YES;
				CLANG_WARN_DEPRECATED_OBJC_IMPLEMENTATIONS = YES;
				CLANG_WARN_DIRECT_OBJC_ISA_USAGE = YES_ERROR;
				CLANG_WARN_DOCUMENTATION_COMMENTS = YES;
				CLANG_WARN_EMPTY_BODY = YES;
				CLANG_WARN_ENUM_CONVERSION = YES;
				CLANG_WARN_INFINITE_RECURSION = YES;
				CLANG_WARN_INT_CONVERSION = YES;
				CLANG_WARN_NON_LITERAL_NULL_CONVERSION = YES;
				CLANG_WARN_OBJC_IMPLICIT_RETAIN_SELF = YES;
				CLANG_WARN_OBJC_LITERAL_CONVERSION = YES;
				CLANG_WARN_OBJC_ROOT_CLASS = YES_ERROR;
				CLANG_WARN_RANGE_LOOP_ANALYSIS = YES;
				CLANG_WARN_STRICT_PROTOTYPES = YES;
				CLANG_WARN_SUSPICIOUS_MOVE = YES;
				CLANG_WARN_UNGUARDED_AVAILABILITY = YES_AGGRESSIVE;
				CLANG_WARN_UNREACHABLE_CODE = YES;
				CLANG_WARN__DUPLICATE_METHOD_MATCH = YES;
				CODE_SIGN_IDENTITY = "iPhone Developer";
				COPY_PHASE_STRIP = NO;
				DEBUG_INFORMATION_FORMAT = dwarf;
				ENABLE_STRICT_OBJC_MSGSEND = YES;
				ENABLE_TESTABILITY = YES;
				GCC_C_LANGUAGE_STANDARD = gnu11;
				GCC_DYNAMIC_NO_PIC = NO;
				GCC_NO_COMMON_BLOCKS = YES;
				GCC_OPTIMIZATION_LEVEL = 0;
				GCC_PREPROCESSOR_DEFINITIONS = (
					"DEBUG=1",
					"$(inherited)",
				);
				GCC_WARN_64_TO_32_BIT_CONVERSION = YES;
				GCC_WARN_ABOUT_RETURN_TYPE = YES_ERROR;
				GCC_WARN_UNDECLARED_SELECTOR = YES;
				GCC_WARN_UNINITIALIZED_AUTOS = YES_AGGRESSIVE;
				GCC_WARN_UNUSED_FUNCTION = YES;
				GCC_WARN_UNUSED_VARIABLE = YES;
				IPHONEOS_DEPLOYMENT_TARGET = 12.1;
				MTL_ENABLE_DEBUG_INFO = INCLUDE_SOURCE;
				MTL_FAST_MATH = YES;
				ONLY_ACTIVE_ARCH = YES;
				SDKROOT = iphoneos;
				SWIFT_ACTIVE_COMPILATION_CONDITIONS = DEBUG;
				SWIFT_OPTIMIZATION_LEVEL = "-Onone";
			};
			name = Debug;
		};
		B2D0878721AD47BF00189C97 /* Release */ = {
			isa = XCBuildConfiguration;
			buildSettings = {
				ALWAYS_SEARCH_USER_PATHS = NO;
				CLANG_ANALYZER_NONNULL = YES;
				CLANG_ANALYZER_NUMBER_OBJECT_CONVERSION = YES_AGGRESSIVE;
				CLANG_CXX_LANGUAGE_STANDARD = "gnu++14";
				CLANG_CXX_LIBRARY = "libc++";
				CLANG_ENABLE_MODULES = YES;
				CLANG_ENABLE_OBJC_ARC = YES;
				CLANG_ENABLE_OBJC_WEAK = YES;
				CLANG_WARN_BLOCK_CAPTURE_AUTORELEASING = YES;
				CLANG_WARN_BOOL_CONVERSION = YES;
				CLANG_WARN_COMMA = YES;
				CLANG_WARN_CONSTANT_CONVERSION = YES;
				CLANG_WARN_DEPRECATED_OBJC_IMPLEMENTATIONS = YES;
				CLANG_WARN_DIRECT_OBJC_ISA_USAGE = YES_ERROR;
				CLANG_WARN_DOCUMENTATION_COMMENTS = YES;
				CLANG_WARN_EMPTY_BODY = YES;
				CLANG_WARN_ENUM_CONVERSION = YES;
				CLANG_WARN_INFINITE_RECURSION = YES;
				CLANG_WARN_INT_CONVERSION = YES;
				CLANG_WARN_NON_LITERAL_NULL_CONVERSION = YES;
				CLANG_WARN_OBJC_IMPLICIT_RETAIN_SELF = YES;
				CLANG_WARN_OBJC_LITERAL_CONVERSION = YES;
				CLANG_WARN_OBJC_ROOT_CLASS = YES_ERROR;
				CLANG_WARN_RANGE_LOOP_ANALYSIS = YES;
				CLANG_WARN_STRICT_PROTOTYPES = YES;
				CLANG_WARN_SUSPICIOUS_MOVE = YES;
				CLANG_WARN_UNGUARDED_AVAILABILITY = YES_AGGRESSIVE;
				CLANG_WARN_UNREACHABLE_CODE = YES;
				CLANG_WARN__DUPLICATE_METHOD_MATCH = YES;
				CODE_SIGN_IDENTITY = "iPhone Developer";
				COPY_PHASE_STRIP = NO;
				DEBUG_INFORMATION_FORMAT = "dwarf-with-dsym";
				ENABLE_NS_ASSERTIONS = NO;
				ENABLE_STRICT_OBJC_MSGSEND = YES;
				GCC_C_LANGUAGE_STANDARD = gnu11;
				GCC_NO_COMMON_BLOCKS = YES;
				GCC_WARN_64_TO_32_BIT_CONVERSION = YES;
				GCC_WARN_ABOUT_RETURN_TYPE = YES_ERROR;
				GCC_WARN_UNDECLARED_SELECTOR = YES;
				GCC_WARN_UNINITIALIZED_AUTOS = YES_AGGRESSIVE;
				GCC_WARN_UNUSED_FUNCTION = YES;
				GCC_WARN_UNUSED_VARIABLE = YES;
				IPHONEOS_DEPLOYMENT_TARGET = 12.1;
				MTL_ENABLE_DEBUG_INFO = NO;
				MTL_FAST_MATH = YES;
				SDKROOT = iphoneos;
				SWIFT_COMPILATION_MODE = wholemodule;
				SWIFT_OPTIMIZATION_LEVEL = "-O";
				VALIDATE_PRODUCT = YES;
			};
			name = Release;
		};
		B2D0878921AD47BF00189C97 /* Debug */ = {
			isa = XCBuildConfiguration;
			baseConfigurationReference = 96D867D5E42BEA7D057F16B9 /* Pods-XKCD.debug.xcconfig */;
			buildSettings = {
				ALWAYS_EMBED_SWIFT_STANDARD_LIBRARIES = "$(inherited)";
				ASSETCATALOG_COMPILER_APPICON_NAME = AppIcon;
				CODE_SIGN_STYLE = Automatic;
				DEVELOPMENT_TEAM = JL94BNBL3S;
				INFOPLIST_FILE = XKCD/Info.plist;
				LD_RUNPATH_SEARCH_PATHS = (
					"$(inherited)",
					"@executable_path/Frameworks",
				);
				PRODUCT_BUNDLE_IDENTIFIER = ken.XKCD;
				PRODUCT_NAME = "$(TARGET_NAME)";
				SWIFT_VERSION = 4.2;
				TARGETED_DEVICE_FAMILY = "1,2";
			};
			name = Debug;
		};
		B2D0878A21AD47BF00189C97 /* Release */ = {
			isa = XCBuildConfiguration;
			baseConfigurationReference = 1E2E8FDE6CB0D79500A79272 /* Pods-XKCD.release.xcconfig */;
			buildSettings = {
				ALWAYS_EMBED_SWIFT_STANDARD_LIBRARIES = "$(inherited)";
				ASSETCATALOG_COMPILER_APPICON_NAME = AppIcon;
				CODE_SIGN_STYLE = Automatic;
				DEVELOPMENT_TEAM = JL94BNBL3S;
				INFOPLIST_FILE = XKCD/Info.plist;
				LD_RUNPATH_SEARCH_PATHS = (
					"$(inherited)",
					"@executable_path/Frameworks",
				);
				PRODUCT_BUNDLE_IDENTIFIER = ken.XKCD;
				PRODUCT_NAME = "$(TARGET_NAME)";
				SWIFT_VERSION = 4.2;
				TARGETED_DEVICE_FAMILY = "1,2";
			};
			name = Release;
		};
		B2D0878C21AD47BF00189C97 /* Debug */ = {
			isa = XCBuildConfiguration;
			baseConfigurationReference = 28E8C282696E106D7CBF3C3B /* Pods-XKCDTests.debug.xcconfig */;
			buildSettings = {
				ALWAYS_EMBED_SWIFT_STANDARD_LIBRARIES = YES;
				BUNDLE_LOADER = "$(TEST_HOST)";
				CODE_SIGN_STYLE = Automatic;
				DEVELOPMENT_TEAM = JL94BNBL3S;
				INFOPLIST_FILE = XKCDTests/Info.plist;
				LD_RUNPATH_SEARCH_PATHS = (
					"$(inherited)",
					"@executable_path/Frameworks",
					"@loader_path/Frameworks",
				);
				PRODUCT_BUNDLE_IDENTIFIER = ken.XKCDTests;
				PRODUCT_NAME = "$(TARGET_NAME)";
				SWIFT_VERSION = 4.2;
				TARGETED_DEVICE_FAMILY = "1,2";
				TEST_HOST = "$(BUILT_PRODUCTS_DIR)/XKCD.app/XKCD";
			};
			name = Debug;
		};
		B2D0878D21AD47BF00189C97 /* Release */ = {
			isa = XCBuildConfiguration;
			baseConfigurationReference = 8EAE8A8F6657D22B3FD62338 /* Pods-XKCDTests.release.xcconfig */;
			buildSettings = {
				ALWAYS_EMBED_SWIFT_STANDARD_LIBRARIES = YES;
				BUNDLE_LOADER = "$(TEST_HOST)";
				CODE_SIGN_STYLE = Automatic;
				DEVELOPMENT_TEAM = JL94BNBL3S;
				INFOPLIST_FILE = XKCDTests/Info.plist;
				LD_RUNPATH_SEARCH_PATHS = (
					"$(inherited)",
					"@executable_path/Frameworks",
					"@loader_path/Frameworks",
				);
				PRODUCT_BUNDLE_IDENTIFIER = ken.XKCDTests;
				PRODUCT_NAME = "$(TARGET_NAME)";
				SWIFT_VERSION = 4.2;
				TARGETED_DEVICE_FAMILY = "1,2";
				TEST_HOST = "$(BUILT_PRODUCTS_DIR)/XKCD.app/XKCD";
			};
			name = Release;
		};
		B2D0878F21AD47BF00189C97 /* Debug */ = {
			isa = XCBuildConfiguration;
			baseConfigurationReference = 8A23C6C6D263EFFB467D3FE5 /* Pods-XKCDUITests.debug.xcconfig */;
			buildSettings = {
				ALWAYS_EMBED_SWIFT_STANDARD_LIBRARIES = YES;
				CODE_SIGN_STYLE = Automatic;
				DEVELOPMENT_TEAM = JL94BNBL3S;
				INFOPLIST_FILE = XKCDUITests/Info.plist;
				LD_RUNPATH_SEARCH_PATHS = (
					"$(inherited)",
					"@executable_path/Frameworks",
					"@loader_path/Frameworks",
				);
				PRODUCT_BUNDLE_IDENTIFIER = ken.XKCDUITests;
				PRODUCT_NAME = "$(TARGET_NAME)";
				SWIFT_VERSION = 4.2;
				TARGETED_DEVICE_FAMILY = "1,2";
				TEST_TARGET_NAME = XKCD;
			};
			name = Debug;
		};
		B2D0879021AD47BF00189C97 /* Release */ = {
			isa = XCBuildConfiguration;
			baseConfigurationReference = AD599149168B718290739EB1 /* Pods-XKCDUITests.release.xcconfig */;
			buildSettings = {
				ALWAYS_EMBED_SWIFT_STANDARD_LIBRARIES = YES;
				CODE_SIGN_STYLE = Automatic;
				DEVELOPMENT_TEAM = JL94BNBL3S;
				INFOPLIST_FILE = XKCDUITests/Info.plist;
				LD_RUNPATH_SEARCH_PATHS = (
					"$(inherited)",
					"@executable_path/Frameworks",
					"@loader_path/Frameworks",
				);
				PRODUCT_BUNDLE_IDENTIFIER = ken.XKCDUITests;
				PRODUCT_NAME = "$(TARGET_NAME)";
				SWIFT_VERSION = 4.2;
				TARGETED_DEVICE_FAMILY = "1,2";
				TEST_TARGET_NAME = XKCD;
			};
			name = Release;
		};
/* End XCBuildConfiguration section */

/* Begin XCConfigurationList section */
		B2D0875B21AD47BC00189C97 /* Build configuration list for PBXProject "XKCD" */ = {
			isa = XCConfigurationList;
			buildConfigurations = (
				B2D0878621AD47BF00189C97 /* Debug */,
				B2D0878721AD47BF00189C97 /* Release */,
			);
			defaultConfigurationIsVisible = 0;
			defaultConfigurationName = Release;
		};
		B2D0878821AD47BF00189C97 /* Build configuration list for PBXNativeTarget "XKCD" */ = {
			isa = XCConfigurationList;
			buildConfigurations = (
				B2D0878921AD47BF00189C97 /* Debug */,
				B2D0878A21AD47BF00189C97 /* Release */,
			);
			defaultConfigurationIsVisible = 0;
			defaultConfigurationName = Release;
		};
		B2D0878B21AD47BF00189C97 /* Build configuration list for PBXNativeTarget "XKCDTests" */ = {
			isa = XCConfigurationList;
			buildConfigurations = (
				B2D0878C21AD47BF00189C97 /* Debug */,
				B2D0878D21AD47BF00189C97 /* Release */,
			);
			defaultConfigurationIsVisible = 0;
			defaultConfigurationName = Release;
		};
		B2D0878E21AD47BF00189C97 /* Build configuration list for PBXNativeTarget "XKCDUITests" */ = {
			isa = XCConfigurationList;
			buildConfigurations = (
				B2D0878F21AD47BF00189C97 /* Debug */,
				B2D0879021AD47BF00189C97 /* Release */,
			);
			defaultConfigurationIsVisible = 0;
			defaultConfigurationName = Release;
		};
/* End XCConfigurationList section */
	};
	rootObject = B2D0875821AD47BC00189C97 /* Project object */;
}
